// !$*UTF8*$!
{
	archiveVersion = 1;
	classes = {
	};
	objectVersion = 55;
	objects = {

/* Begin PBXBuildFile section */
		9BE346D6276933EB0022710D /* M4_DemoApp.swift in Sources */ = {isa = PBXBuildFile; fileRef = 9BE346D5276933EB0022710D /* M4_DemoApp.swift */; };
		9BE346D8276933EB0022710D /* ContentView.swift in Sources */ = {isa = PBXBuildFile; fileRef = 9BE346D7276933EB0022710D /* ContentView.swift */; };
		9BE346DA276933F00022710D /* Assets.xcassets in Resources */ = {isa = PBXBuildFile; fileRef = 9BE346D9276933F00022710D /* Assets.xcassets */; };
		9BE346DD276933F00022710D /* Preview Assets.xcassets in Resources */ = {isa = PBXBuildFile; fileRef = 9BE346DC276933F00022710D /* Preview Assets.xcassets */; };
		9BE346E7276933F00022710D /* M4_DemoTests.swift in Sources */ = {isa = PBXBuildFile; fileRef = 9BE346E6276933F00022710D /* M4_DemoTests.swift */; };
		9BE346F1276933F00022710D /* M4_DemoUITests.swift in Sources */ = {isa = PBXBuildFile; fileRef = 9BE346F0276933F00022710D /* M4_DemoUITests.swift */; };
		9BE346F3276933F00022710D /* M4_DemoUITestsLaunchTests.swift in Sources */ = {isa = PBXBuildFile; fileRef = 9BE346F2276933F00022710D /* M4_DemoUITestsLaunchTests.swift */; };
		9BE3470827693E9B0022710D /* M4Authentication in Frameworks */ = {isa = PBXBuildFile; productRef = 9BE3470727693E9B0022710D /* M4Authentication */; };
		9BE3470A27695D220022710D /* HomeView.swift in Sources */ = {isa = PBXBuildFile; fileRef = 9BE3470927695D220022710D /* HomeView.swift */; };
		9BE3470C276960090022710D /* BaseOverview in Frameworks */ = {isa = PBXBuildFile; productRef = 9BE3470B276960090022710D /* BaseOverview */; };
		9BE3470E2769614B0022710D /* CustomView.swift in Sources */ = {isa = PBXBuildFile; fileRef = 9BE3470D2769614B0022710D /* CustomView.swift */; };
		9BE34710276967800022710D /* AccountInfo in Frameworks */ = {isa = PBXBuildFile; productRef = 9BE3470F276967800022710D /* AccountInfo */; };
		9BE347122769681E0022710D /* M4 in Frameworks */ = {isa = PBXBuildFile; productRef = 9BE347112769681E0022710D /* M4 */; };
/* End PBXBuildFile section */

/* Begin PBXContainerItemProxy section */
		9BE346E3276933F00022710D /* PBXContainerItemProxy */ = {
			isa = PBXContainerItemProxy;
			containerPortal = 9BE346CA276933EB0022710D /* Project object */;
			proxyType = 1;
			remoteGlobalIDString = 9BE346D1276933EB0022710D;
			remoteInfo = "M4 Demo";
		};
		9BE346ED276933F00022710D /* PBXContainerItemProxy */ = {
			isa = PBXContainerItemProxy;
			containerPortal = 9BE346CA276933EB0022710D /* Project object */;
			proxyType = 1;
			remoteGlobalIDString = 9BE346D1276933EB0022710D;
			remoteInfo = "M4 Demo";
		};
/* End PBXContainerItemProxy section */

/* Begin PBXFileReference section */
		9BE346D2276933EB0022710D /* M4 Demo.app */ = {isa = PBXFileReference; explicitFileType = wrapper.application; includeInIndex = 0; path = "M4 Demo.app"; sourceTree = BUILT_PRODUCTS_DIR; };
		9BE346D5276933EB0022710D /* M4_DemoApp.swift */ = {isa = PBXFileReference; lastKnownFileType = sourcecode.swift; path = M4_DemoApp.swift; sourceTree = "<group>"; };
		9BE346D7276933EB0022710D /* ContentView.swift */ = {isa = PBXFileReference; lastKnownFileType = sourcecode.swift; path = ContentView.swift; sourceTree = "<group>"; };
		9BE346D9276933F00022710D /* Assets.xcassets */ = {isa = PBXFileReference; lastKnownFileType = folder.assetcatalog; path = Assets.xcassets; sourceTree = "<group>"; };
		9BE346DC276933F00022710D /* Preview Assets.xcassets */ = {isa = PBXFileReference; lastKnownFileType = folder.assetcatalog; path = "Preview Assets.xcassets"; sourceTree = "<group>"; };
		9BE346E2276933F00022710D /* M4 DemoTests.xctest */ = {isa = PBXFileReference; explicitFileType = wrapper.cfbundle; includeInIndex = 0; path = "M4 DemoTests.xctest"; sourceTree = BUILT_PRODUCTS_DIR; };
		9BE346E6276933F00022710D /* M4_DemoTests.swift */ = {isa = PBXFileReference; lastKnownFileType = sourcecode.swift; path = M4_DemoTests.swift; sourceTree = "<group>"; };
		9BE346EC276933F00022710D /* M4 DemoUITests.xctest */ = {isa = PBXFileReference; explicitFileType = wrapper.cfbundle; includeInIndex = 0; path = "M4 DemoUITests.xctest"; sourceTree = BUILT_PRODUCTS_DIR; };
		9BE346F0276933F00022710D /* M4_DemoUITests.swift */ = {isa = PBXFileReference; lastKnownFileType = sourcecode.swift; path = M4_DemoUITests.swift; sourceTree = "<group>"; };
		9BE346F2276933F00022710D /* M4_DemoUITestsLaunchTests.swift */ = {isa = PBXFileReference; lastKnownFileType = sourcecode.swift; path = M4_DemoUITestsLaunchTests.swift; sourceTree = "<group>"; };
		9BE346FF276935A80022710D /* M4 */ = {isa = PBXFileReference; lastKnownFileType = wrapper; path = M4; sourceTree = "<group>"; };
		9BE3470927695D220022710D /* HomeView.swift */ = {isa = PBXFileReference; lastKnownFileType = sourcecode.swift; path = HomeView.swift; sourceTree = "<group>"; };
		9BE3470D2769614B0022710D /* CustomView.swift */ = {isa = PBXFileReference; lastKnownFileType = sourcecode.swift; path = CustomView.swift; sourceTree = "<group>"; };
/* End PBXFileReference section */

/* Begin PBXFrameworksBuildPhase section */
		9BE346CF276933EB0022710D /* Frameworks */ = {
			isa = PBXFrameworksBuildPhase;
			buildActionMask = 2147483647;
			files = (
				9BE3470C276960090022710D /* BaseOverview in Frameworks */,
				9BE34710276967800022710D /* AccountInfo in Frameworks */,
				9BE3470827693E9B0022710D /* M4Authentication in Frameworks */,
				9BE347122769681E0022710D /* M4 in Frameworks */,
			);
			runOnlyForDeploymentPostprocessing = 0;
		};
		9BE346DF276933F00022710D /* Frameworks */ = {
			isa = PBXFrameworksBuildPhase;
			buildActionMask = 2147483647;
			files = (
			);
			runOnlyForDeploymentPostprocessing = 0;
		};
		9BE346E9276933F00022710D /* Frameworks */ = {
			isa = PBXFrameworksBuildPhase;
			buildActionMask = 2147483647;
			files = (
			);
			runOnlyForDeploymentPostprocessing = 0;
		};
/* End PBXFrameworksBuildPhase section */

/* Begin PBXGroup section */
		9BE346C9276933EB0022710D = {
			isa = PBXGroup;
			children = (
				9BE346FF276935A80022710D /* M4 */,
				9BE346D4276933EB0022710D /* M4 Demo */,
				9BE346E5276933F00022710D /* M4 DemoTests */,
				9BE346EF276933F00022710D /* M4 DemoUITests */,
				9BE346D3276933EB0022710D /* Products */,
				9BE34700276935FE0022710D /* Frameworks */,
			);
			sourceTree = "<group>";
		};
		9BE346D3276933EB0022710D /* Products */ = {
			isa = PBXGroup;
			children = (
				9BE346D2276933EB0022710D /* M4 Demo.app */,
				9BE346E2276933F00022710D /* M4 DemoTests.xctest */,
				9BE346EC276933F00022710D /* M4 DemoUITests.xctest */,
			);
			name = Products;
			sourceTree = "<group>";
		};
		9BE346D4276933EB0022710D /* M4 Demo */ = {
			isa = PBXGroup;
			children = (
				9BE346D5276933EB0022710D /* M4_DemoApp.swift */,
				9BE346D7276933EB0022710D /* ContentView.swift */,
				9BE3470927695D220022710D /* HomeView.swift */,
				9BE3470D2769614B0022710D /* CustomView.swift */,
				9BE346D9276933F00022710D /* Assets.xcassets */,
				9BE346DB276933F00022710D /* Preview Content */,
			);
			path = "M4 Demo";
			sourceTree = "<group>";
		};
		9BE346DB276933F00022710D /* Preview Content */ = {
			isa = PBXGroup;
			children = (
				9BE346DC276933F00022710D /* Preview Assets.xcassets */,
			);
			path = "Preview Content";
			sourceTree = "<group>";
		};
		9BE346E5276933F00022710D /* M4 DemoTests */ = {
			isa = PBXGroup;
			children = (
				9BE346E6276933F00022710D /* M4_DemoTests.swift */,
			);
			path = "M4 DemoTests";
			sourceTree = "<group>";
		};
		9BE346EF276933F00022710D /* M4 DemoUITests */ = {
			isa = PBXGroup;
			children = (
				9BE346F0276933F00022710D /* M4_DemoUITests.swift */,
				9BE346F2276933F00022710D /* M4_DemoUITestsLaunchTests.swift */,
			);
			path = "M4 DemoUITests";
			sourceTree = "<group>";
		};
		9BE34700276935FE0022710D /* Frameworks */ = {
			isa = PBXGroup;
			children = (
			);
			name = Frameworks;
			sourceTree = "<group>";
		};
/* End PBXGroup section */

/* Begin PBXNativeTarget section */
		9BE346D1276933EB0022710D /* M4 Demo */ = {
			isa = PBXNativeTarget;
			buildConfigurationList = 9BE346F6276933F00022710D /* Build configuration list for PBXNativeTarget "M4 Demo" */;
			buildPhases = (
				9BE346CE276933EB0022710D /* Sources */,
				9BE346CF276933EB0022710D /* Frameworks */,
				9BE346D0276933EB0022710D /* Resources */,
			);
			buildRules = (
			);
			dependencies = (
			);
			name = "M4 Demo";
			packageProductDependencies = (
				9BE3470727693E9B0022710D /* M4Authentication */,
				9BE3470B276960090022710D /* BaseOverview */,
				9BE3470F276967800022710D /* AccountInfo */,
				9BE347112769681E0022710D /* M4 */,
			);
			productName = "M4 Demo";
			productReference = 9BE346D2276933EB0022710D /* M4 Demo.app */;
			productType = "com.apple.product-type.application";
		};
		9BE346E1276933F00022710D /* M4 DemoTests */ = {
			isa = PBXNativeTarget;
			buildConfigurationList = 9BE346F9276933F00022710D /* Build configuration list for PBXNativeTarget "M4 DemoTests" */;
			buildPhases = (
				9BE346DE276933F00022710D /* Sources */,
				9BE346DF276933F00022710D /* Frameworks */,
				9BE346E0276933F00022710D /* Resources */,
			);
			buildRules = (
			);
			dependencies = (
				9BE346E4276933F00022710D /* PBXTargetDependency */,
			);
			name = "M4 DemoTests";
			productName = "M4 DemoTests";
			productReference = 9BE346E2276933F00022710D /* M4 DemoTests.xctest */;
			productType = "com.apple.product-type.bundle.unit-test";
		};
		9BE346EB276933F00022710D /* M4 DemoUITests */ = {
			isa = PBXNativeTarget;
			buildConfigurationList = 9BE346FC276933F00022710D /* Build configuration list for PBXNativeTarget "M4 DemoUITests" */;
			buildPhases = (
				9BE346E8276933F00022710D /* Sources */,
				9BE346E9276933F00022710D /* Frameworks */,
				9BE346EA276933F00022710D /* Resources */,
			);
			buildRules = (
			);
			dependencies = (
				9BE346EE276933F00022710D /* PBXTargetDependency */,
			);
			name = "M4 DemoUITests";
			productName = "M4 DemoUITests";
			productReference = 9BE346EC276933F00022710D /* M4 DemoUITests.xctest */;
			productType = "com.apple.product-type.bundle.ui-testing";
		};
/* End PBXNativeTarget section */

/* Begin PBXProject section */
		9BE346CA276933EB0022710D /* Project object */ = {
			isa = PBXProject;
			attributes = {
				BuildIndependentTargetsInParallel = 1;
				LastSwiftUpdateCheck = 1320;
				LastUpgradeCheck = 1320;
				TargetAttributes = {
					9BE346D1276933EB0022710D = {
						CreatedOnToolsVersion = 13.2;
					};
					9BE346E1276933F00022710D = {
						CreatedOnToolsVersion = 13.2;
						TestTargetID = 9BE346D1276933EB0022710D;
					};
					9BE346EB276933F00022710D = {
						CreatedOnToolsVersion = 13.2;
						TestTargetID = 9BE346D1276933EB0022710D;
					};
				};
			};
			buildConfigurationList = 9BE346CD276933EB0022710D /* Build configuration list for PBXProject "M4 Demo" */;
			compatibilityVersion = "Xcode 13.0";
			developmentRegion = en;
			hasScannedForEncodings = 0;
			knownRegions = (
				en,
				Base,
			);
			mainGroup = 9BE346C9276933EB0022710D;
			productRefGroup = 9BE346D3276933EB0022710D /* Products */;
			projectDirPath = "";
			projectRoot = "";
			targets = (
				9BE346D1276933EB0022710D /* M4 Demo */,
				9BE346E1276933F00022710D /* M4 DemoTests */,
				9BE346EB276933F00022710D /* M4 DemoUITests */,
			);
		};
/* End PBXProject section */

/* Begin PBXResourcesBuildPhase section */
		9BE346D0276933EB0022710D /* Resources */ = {
			isa = PBXResourcesBuildPhase;
			buildActionMask = 2147483647;
			files = (
				9BE346DD276933F00022710D /* Preview Assets.xcassets in Resources */,
				9BE346DA276933F00022710D /* Assets.xcassets in Resources */,
			);
			runOnlyForDeploymentPostprocessing = 0;
		};
		9BE346E0276933F00022710D /* Resources */ = {
			isa = PBXResourcesBuildPhase;
			buildActionMask = 2147483647;
			files = (
			);
			runOnlyForDeploymentPostprocessing = 0;
		};
		9BE346EA276933F00022710D /* Resources */ = {
			isa = PBXResourcesBuildPhase;
			buildActionMask = 2147483647;
			files = (
			);
			runOnlyForDeploymentPostprocessing = 0;
		};
/* End PBXResourcesBuildPhase section */

/* Begin PBXSourcesBuildPhase section */
		9BE346CE276933EB0022710D /* Sources */ = {
			isa = PBXSourcesBuildPhase;
			buildActionMask = 2147483647;
			files = (
				9BE346D8276933EB0022710D /* ContentView.swift in Sources */,
				9BE3470E2769614B0022710D /* CustomView.swift in Sources */,
				9BE3470A27695D220022710D /* HomeView.swift in Sources */,
				9BE346D6276933EB0022710D /* M4_DemoApp.swift in Sources */,
			);
			runOnlyForDeploymentPostprocessing = 0;
		};
		9BE346DE276933F00022710D /* Sources */ = {
			isa = PBXSourcesBuildPhase;
			buildActionMask = 2147483647;
			files = (
				9BE346E7276933F00022710D /* M4_DemoTests.swift in Sources */,
			);
			runOnlyForDeploymentPostprocessing = 0;
		};
		9BE346E8276933F00022710D /* Sources */ = {
			isa = PBXSourcesBuildPhase;
			buildActionMask = 2147483647;
			files = (
				9BE346F3276933F00022710D /* M4_DemoUITestsLaunchTests.swift in Sources */,
				9BE346F1276933F00022710D /* M4_DemoUITests.swift in Sources */,
			);
			runOnlyForDeploymentPostprocessing = 0;
		};
/* End PBXSourcesBuildPhase section */

/* Begin PBXTargetDependency section */
		9BE346E4276933F00022710D /* PBXTargetDependency */ = {
			isa = PBXTargetDependency;
			target = 9BE346D1276933EB0022710D /* M4 Demo */;
			targetProxy = 9BE346E3276933F00022710D /* PBXContainerItemProxy */;
		};
		9BE346EE276933F00022710D /* PBXTargetDependency */ = {
			isa = PBXTargetDependency;
			target = 9BE346D1276933EB0022710D /* M4 Demo */;
			targetProxy = 9BE346ED276933F00022710D /* PBXContainerItemProxy */;
		};
/* End PBXTargetDependency section */

/* Begin XCBuildConfiguration section */
		9BE346F4276933F00022710D /* Debug */ = {
			isa = XCBuildConfiguration;
			buildSettings = {
				ALWAYS_SEARCH_USER_PATHS = NO;
				CLANG_ANALYZER_NONNULL = YES;
				CLANG_ANALYZER_NUMBER_OBJECT_CONVERSION = YES_AGGRESSIVE;
				CLANG_CXX_LANGUAGE_STANDARD = "gnu++17";
				CLANG_CXX_LIBRARY = "libc++";
				CLANG_ENABLE_MODULES = YES;
				CLANG_ENABLE_OBJC_ARC = YES;
				CLANG_ENABLE_OBJC_WEAK = YES;
				CLANG_WARN_BLOCK_CAPTURE_AUTORELEASING = YES;
				CLANG_WARN_BOOL_CONVERSION = YES;
				CLANG_WARN_COMMA = YES;
				CLANG_WARN_CONSTANT_CONVERSION = YES;
				CLANG_WARN_DEPRECATED_OBJC_IMPLEMENTATIONS = YES;
				CLANG_WARN_DIRECT_OBJC_ISA_USAGE = YES_ERROR;
				CLANG_WARN_DOCUMENTATION_COMMENTS = YES;
				CLANG_WARN_EMPTY_BODY = YES;
				CLANG_WARN_ENUM_CONVERSION = YES;
				CLANG_WARN_INFINITE_RECURSION = YES;
				CLANG_WARN_INT_CONVERSION = YES;
				CLANG_WARN_NON_LITERAL_NULL_CONVERSION = YES;
				CLANG_WARN_OBJC_IMPLICIT_RETAIN_SELF = YES;
				CLANG_WARN_OBJC_LITERAL_CONVERSION = YES;
				CLANG_WARN_OBJC_ROOT_CLASS = YES_ERROR;
				CLANG_WARN_QUOTED_INCLUDE_IN_FRAMEWORK_HEADER = YES;
				CLANG_WARN_RANGE_LOOP_ANALYSIS = YES;
				CLANG_WARN_STRICT_PROTOTYPES = YES;
				CLANG_WARN_SUSPICIOUS_MOVE = YES;
				CLANG_WARN_UNGUARDED_AVAILABILITY = YES_AGGRESSIVE;
				CLANG_WARN_UNREACHABLE_CODE = YES;
				CLANG_WARN__DUPLICATE_METHOD_MATCH = YES;
				COPY_PHASE_STRIP = NO;
				DEBUG_INFORMATION_FORMAT = dwarf;
				ENABLE_STRICT_OBJC_MSGSEND = YES;
				ENABLE_TESTABILITY = YES;
				GCC_C_LANGUAGE_STANDARD = gnu11;
				GCC_DYNAMIC_NO_PIC = NO;
				GCC_NO_COMMON_BLOCKS = YES;
				GCC_OPTIMIZATION_LEVEL = 0;
				GCC_PREPROCESSOR_DEFINITIONS = (
					"DEBUG=1",
					"$(inherited)",
				);
				GCC_WARN_64_TO_32_BIT_CONVERSION = YES;
				GCC_WARN_ABOUT_RETURN_TYPE = YES_ERROR;
				GCC_WARN_UNDECLARED_SELECTOR = YES;
				GCC_WARN_UNINITIALIZED_AUTOS = YES_AGGRESSIVE;
				GCC_WARN_UNUSED_FUNCTION = YES;
				GCC_WARN_UNUSED_VARIABLE = YES;
				IPHONEOS_DEPLOYMENT_TARGET = 15.2;
				MTL_ENABLE_DEBUG_INFO = INCLUDE_SOURCE;
				MTL_FAST_MATH = YES;
				ONLY_ACTIVE_ARCH = YES;
				SDKROOT = iphoneos;
				SWIFT_ACTIVE_COMPILATION_CONDITIONS = DEBUG;
				SWIFT_OPTIMIZATION_LEVEL = "-Onone";
			};
			name = Debug;
		};
		9BE346F5276933F00022710D /* Release */ = {
			isa = XCBuildConfiguration;
			buildSettings = {
				ALWAYS_SEARCH_USER_PATHS = NO;
				CLANG_ANALYZER_NONNULL = YES;
				CLANG_ANALYZER_NUMBER_OBJECT_CONVERSION = YES_AGGRESSIVE;
				CLANG_CXX_LANGUAGE_STANDARD = "gnu++17";
				CLANG_CXX_LIBRARY = "libc++";
				CLANG_ENABLE_MODULES = YES;
				CLANG_ENABLE_OBJC_ARC = YES;
				CLANG_ENABLE_OBJC_WEAK = YES;
				CLANG_WARN_BLOCK_CAPTURE_AUTORELEASING = YES;
				CLANG_WARN_BOOL_CONVERSION = YES;
				CLANG_WARN_COMMA = YES;
				CLANG_WARN_CONSTANT_CONVERSION = YES;
				CLANG_WARN_DEPRECATED_OBJC_IMPLEMENTATIONS = YES;
				CLANG_WARN_DIRECT_OBJC_ISA_USAGE = YES_ERROR;
				CLANG_WARN_DOCUMENTATION_COMMENTS = YES;
				CLANG_WARN_EMPTY_BODY = YES;
				CLANG_WARN_ENUM_CONVERSION = YES;
				CLANG_WARN_INFINITE_RECURSION = YES;
				CLANG_WARN_INT_CONVERSION = YES;
				CLANG_WARN_NON_LITERAL_NULL_CONVERSION = YES;
				CLANG_WARN_OBJC_IMPLICIT_RETAIN_SELF = YES;
				CLANG_WARN_OBJC_LITERAL_CONVERSION = YES;
				CLANG_WARN_OBJC_ROOT_CLASS = YES_ERROR;
				CLANG_WARN_QUOTED_INCLUDE_IN_FRAMEWORK_HEADER = YES;
				CLANG_WARN_RANGE_LOOP_ANALYSIS = YES;
				CLANG_WARN_STRICT_PROTOTYPES = YES;
				CLANG_WARN_SUSPICIOUS_MOVE = YES;
				CLANG_WARN_UNGUARDED_AVAILABILITY = YES_AGGRESSIVE;
				CLANG_WARN_UNREACHABLE_CODE = YES;
				CLANG_WARN__DUPLICATE_METHOD_MATCH = YES;
				COPY_PHASE_STRIP = NO;
				DEBUG_INFORMATION_FORMAT = "dwarf-with-dsym";
				ENABLE_NS_ASSERTIONS = NO;
				ENABLE_STRICT_OBJC_MSGSEND = YES;
				GCC_C_LANGUAGE_STANDARD = gnu11;
				GCC_NO_COMMON_BLOCKS = YES;
				GCC_WARN_64_TO_32_BIT_CONVERSION = YES;
				GCC_WARN_ABOUT_RETURN_TYPE = YES_ERROR;
				GCC_WARN_UNDECLARED_SELECTOR = YES;
				GCC_WARN_UNINITIALIZED_AUTOS = YES_AGGRESSIVE;
				GCC_WARN_UNUSED_FUNCTION = YES;
				GCC_WARN_UNUSED_VARIABLE = YES;
				IPHONEOS_DEPLOYMENT_TARGET = 15.2;
				MTL_ENABLE_DEBUG_INFO = NO;
				MTL_FAST_MATH = YES;
				SDKROOT = iphoneos;
				SWIFT_COMPILATION_MODE = wholemodule;
				SWIFT_OPTIMIZATION_LEVEL = "-O";
				VALIDATE_PRODUCT = YES;
			};
			name = Release;
		};
		9BE346F7276933F00022710D /* Debug */ = {
			isa = XCBuildConfiguration;
			buildSettings = {
				ASSETCATALOG_COMPILER_APPICON_NAME = AppIcon;
				ASSETCATALOG_COMPILER_GLOBAL_ACCENT_COLOR_NAME = AccentColor;
				CODE_SIGN_STYLE = Automatic;
				CURRENT_PROJECT_VERSION = 1;
				DEVELOPMENT_ASSET_PATHS = "\"M4 Demo/Preview Content\"";
				DEVELOPMENT_TEAM = R8N6N647SF;
				ENABLE_PREVIEWS = YES;
				GENERATE_INFOPLIST_FILE = YES;
				INFOPLIST_KEY_UIApplicationSceneManifest_Generation = YES;
				INFOPLIST_KEY_UIApplicationSupportsIndirectInputEvents = YES;
				INFOPLIST_KEY_UILaunchScreen_Generation = YES;
				INFOPLIST_KEY_UISupportedInterfaceOrientations_iPad = "UIInterfaceOrientationPortrait UIInterfaceOrientationPortraitUpsideDown UIInterfaceOrientationLandscapeLeft UIInterfaceOrientationLandscapeRight";
				INFOPLIST_KEY_UISupportedInterfaceOrientations_iPhone = "UIInterfaceOrientationPortrait UIInterfaceOrientationLandscapeLeft UIInterfaceOrientationLandscapeRight";
				LD_RUNPATH_SEARCH_PATHS = (
					"$(inherited)",
					"@executable_path/Frameworks",
				);
				MARKETING_VERSION = 1.0;
				PRODUCT_BUNDLE_IDENTIFIER = "io.moj.paulu.M4-Demo";
				PRODUCT_NAME = "$(TARGET_NAME)";
				SWIFT_EMIT_LOC_STRINGS = YES;
				SWIFT_VERSION = 5.0;
				TARGETED_DEVICE_FAMILY = 1;
			};
			name = Debug;
		};
		9BE346F8276933F00022710D /* Release */ = {
			isa = XCBuildConfiguration;
			buildSettings = {
				ASSETCATALOG_COMPILER_APPICON_NAME = AppIcon;
				ASSETCATALOG_COMPILER_GLOBAL_ACCENT_COLOR_NAME = AccentColor;
				CODE_SIGN_STYLE = Automatic;
				CURRENT_PROJECT_VERSION = 1;
				DEVELOPMENT_ASSET_PATHS = "\"M4 Demo/Preview Content\"";
				DEVELOPMENT_TEAM = R8N6N647SF;
				ENABLE_PREVIEWS = YES;
				GENERATE_INFOPLIST_FILE = YES;
				INFOPLIST_KEY_UIApplicationSceneManifest_Generation = YES;
				INFOPLIST_KEY_UIApplicationSupportsIndirectInputEvents = YES;
				INFOPLIST_KEY_UILaunchScreen_Generation = YES;
				INFOPLIST_KEY_UISupportedInterfaceOrientations_iPad = "UIInterfaceOrientationPortrait UIInterfaceOrientationPortraitUpsideDown UIInterfaceOrientationLandscapeLeft UIInterfaceOrientationLandscapeRight";
				INFOPLIST_KEY_UISupportedInterfaceOrientations_iPhone = "UIInterfaceOrientationPortrait UIInterfaceOrientationLandscapeLeft UIInterfaceOrientationLandscapeRight";
				LD_RUNPATH_SEARCH_PATHS = (
					"$(inherited)",
					"@executable_path/Frameworks",
				);
				MARKETING_VERSION = 1.0;
				PRODUCT_BUNDLE_IDENTIFIER = "io.moj.paulu.M4-Demo";
				PRODUCT_NAME = "$(TARGET_NAME)";
				SWIFT_EMIT_LOC_STRINGS = YES;
				SWIFT_VERSION = 5.0;
				TARGETED_DEVICE_FAMILY = 1;
			};
			name = Release;
		};
		9BE346FA276933F00022710D /* Debug */ = {
			isa = XCBuildConfiguration;
			buildSettings = {
				ALWAYS_EMBED_SWIFT_STANDARD_LIBRARIES = YES;
				BUNDLE_LOADER = "$(TEST_HOST)";
				CODE_SIGN_STYLE = Automatic;
				CURRENT_PROJECT_VERSION = 1;
				DEVELOPMENT_TEAM = R8N6N647SF;
				GENERATE_INFOPLIST_FILE = YES;
				IPHONEOS_DEPLOYMENT_TARGET = 15.2;
				MARKETING_VERSION = 1.0;
				PRODUCT_BUNDLE_IDENTIFIER = "io.moj.paulu.M4-DemoTests";
				PRODUCT_NAME = "$(TARGET_NAME)";
				SWIFT_EMIT_LOC_STRINGS = NO;
				SWIFT_VERSION = 5.0;
				TARGETED_DEVICE_FAMILY = "1,2";
				TEST_HOST = "$(BUILT_PRODUCTS_DIR)/M4 Demo.app/M4 Demo";
			};
			name = Debug;
		};
		9BE346FB276933F00022710D /* Release */ = {
			isa = XCBuildConfiguration;
			buildSettings = {
				ALWAYS_EMBED_SWIFT_STANDARD_LIBRARIES = YES;
				BUNDLE_LOADER = "$(TEST_HOST)";
				CODE_SIGN_STYLE = Automatic;
				CURRENT_PROJECT_VERSION = 1;
				DEVELOPMENT_TEAM = R8N6N647SF;
				GENERATE_INFOPLIST_FILE = YES;
				IPHONEOS_DEPLOYMENT_TARGET = 15.2;
				MARKETING_VERSION = 1.0;
				PRODUCT_BUNDLE_IDENTIFIER = "io.moj.paulu.M4-DemoTests";
				PRODUCT_NAME = "$(TARGET_NAME)";
				SWIFT_EMIT_LOC_STRINGS = NO;
				SWIFT_VERSION = 5.0;
				TARGETED_DEVICE_FAMILY = "1,2";
				TEST_HOST = "$(BUILT_PRODUCTS_DIR)/M4 Demo.app/M4 Demo";
			};
			name = Release;
		};
		9BE346FD276933F00022710D /* Debug */ = {
			isa = XCBuildConfiguration;
			buildSettings = {
				ALWAYS_EMBED_SWIFT_STANDARD_LIBRARIES = YES;
				CODE_SIGN_STYLE = Automatic;
				CURRENT_PROJECT_VERSION = 1;
				DEVELOPMENT_TEAM = R8N6N647SF;
				GENERATE_INFOPLIST_FILE = YES;
				MARKETING_VERSION = 1.0;
				PRODUCT_BUNDLE_IDENTIFIER = "io.moj.paulu.M4-DemoUITests";
				PRODUCT_NAME = "$(TARGET_NAME)";
				SWIFT_EMIT_LOC_STRINGS = NO;
				SWIFT_VERSION = 5.0;
				TARGETED_DEVICE_FAMILY = "1,2";
				TEST_TARGET_NAME = "M4 Demo";
			};
			name = Debug;
		};
		9BE346FE276933F00022710D /* Release */ = {
			isa = XCBuildConfiguration;
			buildSettings = {
				ALWAYS_EMBED_SWIFT_STANDARD_LIBRARIES = YES;
				CODE_SIGN_STYLE = Automatic;
				CURRENT_PROJECT_VERSION = 1;
				DEVELOPMENT_TEAM = R8N6N647SF;
				GENERATE_INFOPLIST_FILE = YES;
				MARKETING_VERSION = 1.0;
				PRODUCT_BUNDLE_IDENTIFIER = "io.moj.paulu.M4-DemoUITests";
				PRODUCT_NAME = "$(TARGET_NAME)";
				SWIFT_EMIT_LOC_STRINGS = NO;
				SWIFT_VERSION = 5.0;
				TARGETED_DEVICE_FAMILY = "1,2";
				TEST_TARGET_NAME = "M4 Demo";
			};
			name = Release;
		};
/* End XCBuildConfiguration section */

/* Begin XCConfigurationList section */
		9BE346CD276933EB0022710D /* Build configuration list for PBXProject "M4 Demo" */ = {
			isa = XCConfigurationList;
			buildConfigurations = (
				9BE346F4276933F00022710D /* Debug */,
				9BE346F5276933F00022710D /* Release */,
			);
			defaultConfigurationIsVisible = 0;
			defaultConfigurationName = Release;
		};
		9BE346F6276933F00022710D /* Build configuration list for PBXNativeTarget "M4 Demo" */ = {
			isa = XCConfigurationList;
			buildConfigurations = (
				9BE346F7276933F00022710D /* Debug */,
				9BE346F8276933F00022710D /* Release */,
			);
			defaultConfigurationIsVisible = 0;
			defaultConfigurationName = Release;
		};
		9BE346F9276933F00022710D /* Build configuration list for PBXNativeTarget "M4 DemoTests" */ = {
			isa = XCConfigurationList;
			buildConfigurations = (
				9BE346FA276933F00022710D /* Debug */,
				9BE346FB276933F00022710D /* Release */,
			);
			defaultConfigurationIsVisible = 0;
			defaultConfigurationName = Release;
		};
		9BE346FC276933F00022710D /* Build configuration list for PBXNativeTarget "M4 DemoUITests" */ = {
			isa = XCConfigurationList;
			buildConfigurations = (
				9BE346FD276933F00022710D /* Debug */,
				9BE346FE276933F00022710D /* Release */,
			);
			defaultConfigurationIsVisible = 0;
			defaultConfigurationName = Release;
		};
/* End XCConfigurationList section */

/* Begin XCSwiftPackageProductDependency section */
		9BE3470727693E9B0022710D /* M4Authentication */ = {
			isa = XCSwiftPackageProductDependency;
			productName = M4Authentication;
		};
		9BE3470B276960090022710D /* BaseOverview */ = {
			isa = XCSwiftPackageProductDependency;
			productName = BaseOverview;
		};
		9BE3470F276967800022710D /* AccountInfo */ = {
			isa = XCSwiftPackageProductDependency;
			productName = AccountInfo;
		};
		9BE347112769681E0022710D /* M4 */ = {
			isa = XCSwiftPackageProductDependency;
			productName = M4;
		};
/* End XCSwiftPackageProductDependency section */
	};
	rootObject = 9BE346CA276933EB0022710D /* Project object */;
}
